schema: '2.0'
stages:
  data_ingestion:
    cmd: python src/data_ingestion.py
    deps:
    - path: src/data_ingestion.py
      hash: md5
      md5: b4c1924e742683ba4f94e8c7a5efeacd
      size: 682
    outs:
    - path: data/raw
      hash: md5
      md5: 89393a0a1bb5bd64d4b2f96f8852c1e0.dir
      size: 1167181
      nfiles: 2
  data_preprocessing:
    cmd: python src/data_preprocessing.py
    deps:
    - path: data/raw
      hash: md5
      md5: 89393a0a1bb5bd64d4b2f96f8852c1e0.dir
      size: 1167181
      nfiles: 2
    - path: src/data_preprocessing.py
      hash: md5
      md5: 043991e870f89e9008a6bd6a702ad070
      size: 2457
    outs:
    - path: data/processed
      hash: md5
      md5: 0d2fbb011efc820ec3df87f192cdf07c.dir
      size: 847156
      nfiles: 2
  feature_engineering:
    cmd: python src/feature_engineering.py
    deps:
    - path: data/processed
      hash: md5
      md5: 0d2fbb011efc820ec3df87f192cdf07c.dir
      size: 847156
      nfiles: 2
    - path: src/feature_engineering.py
      hash: md5
      md5: cfe63ea3100a57579e5f8d7a4a77dbe4
      size: 1221
    outs:
    - path: data/features
      hash: md5
      md5: b813ee42f1991c3874e3ecc0a5cf7808.dir
      size: 1572660
      nfiles: 2
  model_building:
    cmd: python src/model_building.py
    deps:
    - path: data/features
      hash: md5
      md5: b813ee42f1991c3874e3ecc0a5cf7808.dir
      size: 1572660
      nfiles: 2
    - path: src/model_building.py
      hash: md5
      md5: b1eadab4b73514704c279d605bf9dbf7
      size: 470
    outs:
    - path: model.pkl
      hash: md5
      md5: 60e5506d9d8d5602e435bfbd91c846d3
      size: 73056
  model_evaluation:
    cmd: python src/model_evaluation.py
    deps:
    - path: data/features/test_bow.csv
      hash: md5
      md5: 5d5e380deb1b8b026f78880ea753b5b6
      size: 313792
    - path: model.pkl
      hash: md5
      md5: 60e5506d9d8d5602e435bfbd91c846d3
      size: 73056
    - path: src/model_evaluation.py
      hash: md5
      md5: f38c735c260060be2c4dc64b43f0605c
      size: 1040
    outs:
    - path: data/metrics.json
      hash: md5
      md5: 5bd6a18ec24e82d77d59fc508e790543
      size: 145
